
Microsoft Visual Studio Solution File, Format Version 12.00
# Visual Studio 15
VisualStudioVersion = 15.0.27703.2042
MinimumVisualStudioVersion = 10.0.40219.1
Project("{9A19103F-16F7-4668-BE54-9A1E7A4F7556}") = "Microsoft.CommonDataModel.ObjectModel", "Microsoft.CommonDataModel.ObjectModel\Microsoft.CommonDataModel.ObjectModel.csproj", "{CCC75CCE-68A5-4DD0-B6D8-2C6287FE5F40}"
EndProject
Project("{2150E333-8FDC-42A3-9474-1A3956D46DE8}") = "Tools", "Tools", "{9333BD8E-F2B7-470B-8AE7-B4D1FB4F7F30}"
EndProject
Project("{9A19103F-16F7-4668-BE54-9A1E7A4F7556}") = "Microsoft.CommonDataModel.Tools.Processor", "Tools\Microsoft.CommonDataModel.Tools.Processor\Microsoft.CommonDataModel.Tools.Processor.csproj", "{D202FA19-303D-4712-967A-983C6E54B55F}"
EndProject
Project("{9A19103F-16F7-4668-BE54-9A1E7A4F7556}") = "Microsoft.CommonDataModel.ObjectModel.Tests", "Microsoft.CommonDataModel.ObjectModel.Tests\Microsoft.CommonDataModel.ObjectModel.Tests.csproj", "{77EAA228-21E6-4DDF-99F0-6C02798DA9F3}"
EndProject
Global
	GlobalSection(SolutionConfigurationPlatforms) = preSolution
		Debug|Any CPU = Debug|Any CPU
		Debug|x64 = Debug|x64
		Release|Any CPU = Release|Any CPU
		Release|x64 = Release|x64
	EndGlobalSection
	GlobalSection(ProjectConfigurationPlatforms) = postSolution
		{CCC75CCE-68A5-4DD0-B6D8-2C6287FE5F40}.Debug|Any CPU.ActiveCfg = Debug|Any CPU
		{CCC75CCE-68A5-4DD0-B6D8-2C6287FE5F40}.Debug|Any CPU.Build.0 = Debug|Any CPU
		{CCC75CCE-68A5-4DD0-B6D8-2C6287FE5F40}.Debug|x64.ActiveCfg = Debug|x64
		{CCC75CCE-68A5-4DD0-B6D8-2C6287FE5F40}.Debug|x64.Build.0 = Debug|x64
		{CCC75CCE-68A5-4DD0-B6D8-2C6287FE5F40}.Release|Any CPU.ActiveCfg = Release|Any CPU
		{CCC75CCE-68A5-4DD0-B6D8-2C6287FE5F40}.Release|Any CPU.Build.0 = Release|Any CPU
		{CCC75CCE-68A5-4DD0-B6D8-2C6287FE5F40}.Release|x64.ActiveCfg = Release|x64
		{CCC75CCE-68A5-4DD0-B6D8-2C6287FE5F40}.Release|x64.Build.0 = Release|x64
		{D202FA19-303D-4712-967A-983C6E54B55F}.Debug|Any CPU.ActiveCfg = Debug|Any CPU
		{D202FA19-303D-4712-967A-983C6E54B55F}.Debug|Any CPU.Build.0 = Debug|Any CPU
		{D202FA19-303D-4712-967A-983C6E54B55F}.Debug|x64.ActiveCfg = Debug|Any CPU
		{D202FA19-303D-4712-967A-983C6E54B55F}.Debug|x64.Build.0 = Debug|Any CPU
		{D202FA19-303D-4712-967A-983C6E54B55F}.Release|Any CPU.ActiveCfg = Release|Any CPU
		{D202FA19-303D-4712-967A-983C6E54B55F}.Release|Any CPU.Build.0 = Release|Any CPU
		{D202FA19-303D-4712-967A-983C6E54B55F}.Release|x64.ActiveCfg = Release|Any CPU
		{D202FA19-303D-4712-967A-983C6E54B55F}.Release|x64.Build.0 = Release|Any CPU
		{77EAA228-21E6-4DDF-99F0-6C02798DA9F3}.Debug|Any CPU.ActiveCfg = Debug|Any CPU
		{77EAA228-21E6-4DDF-99F0-6C02798DA9F3}.Debug|Any CPU.Build.0 = Debug|Any CPU
		{77EAA228-21E6-4DDF-99F0-6C02798DA9F3}.Debug|x64.ActiveCfg = Debug|Any CPU
		{77EAA228-21E6-4DDF-99F0-6C02798DA9F3}.Debug|x64.Build.0 = Debug|Any CPU
		{77EAA228-21E6-4DDF-99F0-6C02798DA9F3}.Release|Any CPU.ActiveCfg = Release|Any CPU
		{77EAA228-21E6-4DDF-99F0-6C02798DA9F3}.Release|Any CPU.Build.0 = Release|Any CPU
		{77EAA228-21E6-4DDF-99F0-6C02798DA9F3}.Release|x64.ActiveCfg = Release|Any CPU
		{77EAA228-21E6-4DDF-99F0-6C02798DA9F3}.Release|x64.Build.0 = Release|Any CPU
	EndGlobalSection
	GlobalSection(SolutionProperties) = preSolution
		HideSolutionNode = FALSE
	EndGlobalSection
	GlobalSection(NestedProjects) = preSolution
		{D202FA19-303D-4712-967A-983C6E54B55F} = {9333BD8E-F2B7-470B-8AE7-B4D1FB4F7F30}
	EndGlobalSection
	GlobalSection(ExtensibilityGlobals) = postSolution
		SolutionGuid = {C72DBB21-913E-4E89-AD9D-07644FD0556C}
	EndGlobalSection
EndGlobal
