
Microsoft Visual Studio Solution File, Format Version 12.00
# Visual Studio Version 16
VisualStudioVersion = 16.0.29306.81
MinimumVisualStudioVersion = 10.0.40219.1
Project("{9A19103F-16F7-4668-BE54-9A1E7A4F7556}") = "Microsoft.CommonDataModel.ObjectModel.Tests", "Microsoft.CommonDataModel.ObjectModel.Tests\Microsoft.CommonDataModel.ObjectModel.Tests.csproj", "{77EAA228-21E6-4DDF-99F0-6C02798DA9F3}"
EndProject
Project("{9A19103F-16F7-4668-BE54-9A1E7A4F7556}") = "Microsoft.CommonDataModel.ObjectModel", "Microsoft.CommonDataModel.ObjectModel\Microsoft.CommonDataModel.ObjectModel.csproj", "{A8E623D4-3958-43D7-A5BE-3222C351F40E}"
EndProject
Project("{9A19103F-16F7-4668-BE54-9A1E7A4F7556}") = "Microsoft.CommonDataModel.ObjectModel.Adapter.Adls", "Microsoft.CommonDataModel.ObjectModel.Adapter.Adls\Microsoft.CommonDataModel.ObjectModel.Adapter.Adls.csproj", "{EA3C7947-97C3-4076-A559-B7A24F8D9E9D}"
EndProject
Project("{9A19103F-16F7-4668-BE54-9A1E7A4F7556}") = "Microsoft.CommonDataModel.ObjectModel.Telemetry", "Microsoft.CommonDataModel.ObjectModel.Telemetry\Microsoft.CommonDataModel.ObjectModel.Telemetry.csproj", "{A0C8A2D5-1DE1-4D64-9EBB-8D530ACFC0CD}"
EndProject
Project("{9A19103F-16F7-4668-BE54-9A1E7A4F7556}") = "Microsoft.CommonDataModel.ObjectModel.Adapter.Syms", "Microsoft.CommonDataModel.ObjectModel.Adapter.Syms\Microsoft.CommonDataModel.ObjectModel.Adapter.Syms.csproj", "{DAED9626-6570-4534-B1B0-7E1ACDFE9798}"
EndProject
Global
	GlobalSection(SolutionConfigurationPlatforms) = preSolution
		Debug|Any CPU = Debug|Any CPU
		Debug|x64 = Debug|x64
		Release|Any CPU = Release|Any CPU
		Release|x64 = Release|x64
	EndGlobalSection
	GlobalSection(ProjectConfigurationPlatforms) = postSolution
		{77EAA228-21E6-4DDF-99F0-6C02798DA9F3}.Debug|Any CPU.ActiveCfg = Debug|Any CPU
		{77EAA228-21E6-4DDF-99F0-6C02798DA9F3}.Debug|Any CPU.Build.0 = Debug|Any CPU
		{77EAA228-21E6-4DDF-99F0-6C02798DA9F3}.Debug|x64.ActiveCfg = Debug|Any CPU
		{77EAA228-21E6-4DDF-99F0-6C02798DA9F3}.Debug|x64.Build.0 = Debug|Any CPU
		{77EAA228-21E6-4DDF-99F0-6C02798DA9F3}.Release|Any CPU.ActiveCfg = Release|Any CPU
		{77EAA228-21E6-4DDF-99F0-6C02798DA9F3}.Release|Any CPU.Build.0 = Release|Any CPU
		{77EAA228-21E6-4DDF-99F0-6C02798DA9F3}.Release|x64.ActiveCfg = Release|Any CPU
		{77EAA228-21E6-4DDF-99F0-6C02798DA9F3}.Release|x64.Build.0 = Release|Any CPU
		{A8E623D4-3958-43D7-A5BE-3222C351F40E}.Debug|Any CPU.ActiveCfg = Debug|Any CPU
		{A8E623D4-3958-43D7-A5BE-3222C351F40E}.Debug|Any CPU.Build.0 = Debug|Any CPU
		{A8E623D4-3958-43D7-A5BE-3222C351F40E}.Debug|x64.ActiveCfg = Debug|x64
		{A8E623D4-3958-43D7-A5BE-3222C351F40E}.Debug|x64.Build.0 = Debug|x64
		{A8E623D4-3958-43D7-A5BE-3222C351F40E}.Release|Any CPU.ActiveCfg = Release|Any CPU
		{A8E623D4-3958-43D7-A5BE-3222C351F40E}.Release|Any CPU.Build.0 = Release|Any CPU
		{A8E623D4-3958-43D7-A5BE-3222C351F40E}.Release|x64.ActiveCfg = Release|x64
		{A8E623D4-3958-43D7-A5BE-3222C351F40E}.Release|x64.Build.0 = Release|x64
		{EA3C7947-97C3-4076-A559-B7A24F8D9E9D}.Debug|Any CPU.ActiveCfg = Debug|Any CPU
		{EA3C7947-97C3-4076-A559-B7A24F8D9E9D}.Debug|Any CPU.Build.0 = Debug|Any CPU
		{EA3C7947-97C3-4076-A559-B7A24F8D9E9D}.Debug|x64.ActiveCfg = Debug|x64
		{EA3C7947-97C3-4076-A559-B7A24F8D9E9D}.Debug|x64.Build.0 = Debug|x64
		{EA3C7947-97C3-4076-A559-B7A24F8D9E9D}.Release|Any CPU.ActiveCfg = Release|Any CPU
		{EA3C7947-97C3-4076-A559-B7A24F8D9E9D}.Release|Any CPU.Build.0 = Release|Any CPU
		{EA3C7947-97C3-4076-A559-B7A24F8D9E9D}.Release|x64.ActiveCfg = Release|x64
		{EA3C7947-97C3-4076-A559-B7A24F8D9E9D}.Release|x64.Build.0 = Release|x64
		{A0C8A2D5-1DE1-4D64-9EBB-8D530ACFC0CD}.Debug|Any CPU.ActiveCfg = Debug|Any CPU
		{A0C8A2D5-1DE1-4D64-9EBB-8D530ACFC0CD}.Debug|Any CPU.Build.0 = Debug|Any CPU
		{A0C8A2D5-1DE1-4D64-9EBB-8D530ACFC0CD}.Debug|x64.ActiveCfg = Debug|x64
		{A0C8A2D5-1DE1-4D64-9EBB-8D530ACFC0CD}.Debug|x64.Build.0 = Debug|x64
		{A0C8A2D5-1DE1-4D64-9EBB-8D530ACFC0CD}.Release|Any CPU.ActiveCfg = Release|Any CPU
		{A0C8A2D5-1DE1-4D64-9EBB-8D530ACFC0CD}.Release|Any CPU.Build.0 = Release|Any CPU
		{A0C8A2D5-1DE1-4D64-9EBB-8D530ACFC0CD}.Release|x64.ActiveCfg = Release|x64
		{A0C8A2D5-1DE1-4D64-9EBB-8D530ACFC0CD}.Release|x64.Build.0 = Release|x64
		{DAED9626-6570-4534-B1B0-7E1ACDFE9798}.Debug|Any CPU.ActiveCfg = Debug|Any CPU
		{DAED9626-6570-4534-B1B0-7E1ACDFE9798}.Debug|Any CPU.Build.0 = Debug|Any CPU
		{DAED9626-6570-4534-B1B0-7E1ACDFE9798}.Debug|x64.ActiveCfg = Debug|x64
		{DAED9626-6570-4534-B1B0-7E1ACDFE9798}.Debug|x64.Build.0 = Debug|x64
		{DAED9626-6570-4534-B1B0-7E1ACDFE9798}.Release|Any CPU.ActiveCfg = Release|Any CPU
		{DAED9626-6570-4534-B1B0-7E1ACDFE9798}.Release|Any CPU.Build.0 = Release|Any CPU
		{DAED9626-6570-4534-B1B0-7E1ACDFE9798}.Release|x64.ActiveCfg = Release|x64
		{DAED9626-6570-4534-B1B0-7E1ACDFE9798}.Release|x64.Build.0 = Release|x64
	EndGlobalSection
	GlobalSection(SolutionProperties) = preSolution
		HideSolutionNode = FALSE
	EndGlobalSection
	GlobalSection(ExtensibilityGlobals) = postSolution
		SolutionGuid = {C72DBB21-913E-4E89-AD9D-07644FD0556C}
	EndGlobalSection
EndGlobal
