
Microsoft Visual Studio Solution File, Format Version 12.00
# Visual Studio Version 16
VisualStudioVersion = 16.0.29215.179
MinimumVisualStudioVersion = 10.0.40219.1
Project("{9A19103F-16F7-4668-BE54-9A1E7A4F7556}") = "read-manifest", "read-manifest\read-manifest.csproj", "{2542DEAA-DB64-4483-8180-3ECDFBE9431E}"
EndProject
Global
	GlobalSection(SolutionConfigurationPlatforms) = preSolution
		Debug|Any CPU = Debug|Any CPU
		Debug|x64 = Debug|x64
		Release|Any CPU = Release|Any CPU
		Release|x64 = Release|x64
	EndGlobalSection
	GlobalSection(ProjectConfigurationPlatforms) = postSolution
		{2542DEAA-DB64-4483-8180-3ECDFBE9431E}.Debug|Any CPU.ActiveCfg = Debug|Any CPU
		{2542DEAA-DB64-4483-8180-3ECDFBE9431E}.Debug|Any CPU.Build.0 = Debug|Any CPU
		{2542DEAA-DB64-4483-8180-3ECDFBE9431E}.Debug|x64.ActiveCfg = Debug|Any CPU
		{2542DEAA-DB64-4483-8180-3ECDFBE9431E}.Debug|x64.Build.0 = Debug|Any CPU
		{2542DEAA-DB64-4483-8180-3ECDFBE9431E}.Release|Any CPU.ActiveCfg = Release|Any CPU
		{2542DEAA-DB64-4483-8180-3ECDFBE9431E}.Release|Any CPU.Build.0 = Release|Any CPU
		{2542DEAA-DB64-4483-8180-3ECDFBE9431E}.Release|x64.ActiveCfg = Release|Any CPU
		{2542DEAA-DB64-4483-8180-3ECDFBE9431E}.Release|x64.Build.0 = Release|Any CPU
	EndGlobalSection
	GlobalSection(SolutionProperties) = preSolution
		HideSolutionNode = FALSE
	EndGlobalSection
	GlobalSection(ExtensibilityGlobals) = postSolution
		SolutionGuid = {E7FB46A0-029C-4E23-A7C1-69DCB0B8ECCA}
	EndGlobalSection
EndGlobal
