
Microsoft Visual Studio Solution File, Format Version 12.00
# Visual Studio Version 16
VisualStudioVersion = 16.0.31026.101
MinimumVisualStudioVersion = 10.0.40219.1
Project("{9A19103F-16F7-4668-BE54-9A1E7A4F7556}") = "logical-manipulation-using-projections", "logical-manipulation-using-projections\logical-manipulation-using-projections.csproj", "{654E8F27-7E17-4020-AC10-6C0F8550579C}"
EndProject
Project("{9A19103F-16F7-4668-BE54-9A1E7A4F7556}") = "Microsoft.CommonDataModel.ObjectModel", "..\..\..\objectModel\CSharp\Microsoft.CommonDataModel.ObjectModel\Microsoft.CommonDataModel.ObjectModel.csproj", "{08AD52CD-41CF-41F6-850D-91641BAEA5EC}"
EndProject
Global
	GlobalSection(SolutionConfigurationPlatforms) = preSolution
		Debug|Any CPU = Debug|Any CPU
		Debug|x64 = Debug|x64
		Release|Any CPU = Release|Any CPU
		Release|x64 = Release|x64
	EndGlobalSection
	GlobalSection(ProjectConfigurationPlatforms) = postSolution
		{654E8F27-7E17-4020-AC10-6C0F8550579C}.Debug|Any CPU.ActiveCfg = Debug|Any CPU
		{654E8F27-7E17-4020-AC10-6C0F8550579C}.Debug|Any CPU.Build.0 = Debug|Any CPU
		{654E8F27-7E17-4020-AC10-6C0F8550579C}.Debug|x64.ActiveCfg = Debug|Any CPU
		{654E8F27-7E17-4020-AC10-6C0F8550579C}.Debug|x64.Build.0 = Debug|Any CPU
		{654E8F27-7E17-4020-AC10-6C0F8550579C}.Release|Any CPU.ActiveCfg = Release|Any CPU
		{654E8F27-7E17-4020-AC10-6C0F8550579C}.Release|Any CPU.Build.0 = Release|Any CPU
		{654E8F27-7E17-4020-AC10-6C0F8550579C}.Release|x64.ActiveCfg = Release|Any CPU
		{654E8F27-7E17-4020-AC10-6C0F8550579C}.Release|x64.Build.0 = Release|Any CPU
		{08AD52CD-41CF-41F6-850D-91641BAEA5EC}.Debug|Any CPU.ActiveCfg = Debug|Any CPU
		{08AD52CD-41CF-41F6-850D-91641BAEA5EC}.Debug|Any CPU.Build.0 = Debug|Any CPU
		{08AD52CD-41CF-41F6-850D-91641BAEA5EC}.Debug|x64.ActiveCfg = Debug|x64
		{08AD52CD-41CF-41F6-850D-91641BAEA5EC}.Debug|x64.Build.0 = Debug|x64
		{08AD52CD-41CF-41F6-850D-91641BAEA5EC}.Release|Any CPU.ActiveCfg = Release|Any CPU
		{08AD52CD-41CF-41F6-850D-91641BAEA5EC}.Release|Any CPU.Build.0 = Release|Any CPU
		{08AD52CD-41CF-41F6-850D-91641BAEA5EC}.Release|x64.ActiveCfg = Release|x64
		{08AD52CD-41CF-41F6-850D-91641BAEA5EC}.Release|x64.Build.0 = Release|x64
	EndGlobalSection
	GlobalSection(SolutionProperties) = preSolution
		HideSolutionNode = FALSE
	EndGlobalSection
	GlobalSection(ExtensibilityGlobals) = postSolution
		SolutionGuid = {C7E14E47-5E58-402B-9AB3-E0A40A0D7EE9}
	EndGlobalSection
EndGlobal
