
Microsoft Visual Studio Solution File, Format Version 12.00
# Visual Studio Version 16
VisualStudioVersion = 16.0.29215.179
MinimumVisualStudioVersion = 10.0.40219.1
Project("{9A19103F-16F7-4668-BE54-9A1E7A4F7556}") = "create-manifest", "create-manifest\create-manifest.csproj", "{2542DEAA-DB64-4483-8180-3ECDFBE9431D}"
EndProject
Project("{9A19103F-16F7-4668-BE54-9A1E7A4F7556}") = "Microsoft.CommonDataModel.ObjectModel", "..\..\..\objectModel\CSharp\Microsoft.CommonDataModel.ObjectModel\Microsoft.CommonDataModel.ObjectModel.csproj", "{E29AD132-C4A9-426F-8821-DC8B7D3A0B5C}"
EndProject
Project("{9A19103F-16F7-4668-BE54-9A1E7A4F7556}") = "Microsoft.CommonDataModel.ObjectModel.Adapter.Adls", "..\..\..\objectModel\CSharp\Microsoft.CommonDataModel.ObjectModel.Adapter.Adls\Microsoft.CommonDataModel.ObjectModel.Adapter.Adls.csproj", "{50E6A938-6279-49AC-93C9-9E12091DE47B}"
EndProject
Global
	GlobalSection(SolutionConfigurationPlatforms) = preSolution
		Debug|Any CPU = Debug|Any CPU
		Debug|x64 = Debug|x64
		Release|Any CPU = Release|Any CPU
		Release|x64 = Release|x64
	EndGlobalSection
	GlobalSection(ProjectConfigurationPlatforms) = postSolution
		{2542DEAA-DB64-4483-8180-3ECDFBE9431D}.Debug|Any CPU.ActiveCfg = Debug|Any CPU
		{2542DEAA-DB64-4483-8180-3ECDFBE9431D}.Debug|Any CPU.Build.0 = Debug|Any CPU
		{2542DEAA-DB64-4483-8180-3ECDFBE9431D}.Debug|x64.ActiveCfg = Debug|x64
		{2542DEAA-DB64-4483-8180-3ECDFBE9431D}.Debug|x64.Build.0 = Debug|x64
		{2542DEAA-DB64-4483-8180-3ECDFBE9431D}.Release|Any CPU.ActiveCfg = Release|Any CPU
		{2542DEAA-DB64-4483-8180-3ECDFBE9431D}.Release|Any CPU.Build.0 = Release|Any CPU
		{2542DEAA-DB64-4483-8180-3ECDFBE9431D}.Release|x64.ActiveCfg = Release|x64
		{2542DEAA-DB64-4483-8180-3ECDFBE9431D}.Release|x64.Build.0 = Release|x64
		{E29AD132-C4A9-426F-8821-DC8B7D3A0B5C}.Debug|Any CPU.ActiveCfg = Debug|Any CPU
		{E29AD132-C4A9-426F-8821-DC8B7D3A0B5C}.Debug|Any CPU.Build.0 = Debug|Any CPU
		{E29AD132-C4A9-426F-8821-DC8B7D3A0B5C}.Debug|x64.ActiveCfg = Debug|x64
		{E29AD132-C4A9-426F-8821-DC8B7D3A0B5C}.Debug|x64.Build.0 = Debug|x64
		{E29AD132-C4A9-426F-8821-DC8B7D3A0B5C}.Release|Any CPU.ActiveCfg = Release|Any CPU
		{E29AD132-C4A9-426F-8821-DC8B7D3A0B5C}.Release|Any CPU.Build.0 = Release|Any CPU
		{E29AD132-C4A9-426F-8821-DC8B7D3A0B5C}.Release|x64.ActiveCfg = Release|x64
		{E29AD132-C4A9-426F-8821-DC8B7D3A0B5C}.Release|x64.Build.0 = Release|x64
		{50E6A938-6279-49AC-93C9-9E12091DE47B}.Debug|Any CPU.ActiveCfg = Debug|Any CPU
		{50E6A938-6279-49AC-93C9-9E12091DE47B}.Debug|Any CPU.Build.0 = Debug|Any CPU
		{50E6A938-6279-49AC-93C9-9E12091DE47B}.Debug|x64.ActiveCfg = Debug|x64
		{50E6A938-6279-49AC-93C9-9E12091DE47B}.Debug|x64.Build.0 = Debug|x64
		{50E6A938-6279-49AC-93C9-9E12091DE47B}.Release|Any CPU.ActiveCfg = Release|Any CPU
		{50E6A938-6279-49AC-93C9-9E12091DE47B}.Release|Any CPU.Build.0 = Release|Any CPU
		{50E6A938-6279-49AC-93C9-9E12091DE47B}.Release|x64.ActiveCfg = Release|x64
		{50E6A938-6279-49AC-93C9-9E12091DE47B}.Release|x64.Build.0 = Release|x64
	EndGlobalSection
	GlobalSection(SolutionProperties) = preSolution
		HideSolutionNode = FALSE
	EndGlobalSection
	GlobalSection(ExtensibilityGlobals) = postSolution
		SolutionGuid = {E7FB46A0-029C-4E23-A7C1-69DCB0B8ECCA}
	EndGlobalSection
EndGlobal
