{
  "name": "make-version-explicit",
  "version": "1.0",
  "lockfileVersion": 1,
  "requires": true,
  "dependencies": {
    "@types/node": {
      "version": "8.10.19",
      "resolved": "https://registry.npmjs.org/@types/node/-/node-8.10.19.tgz",
      "integrity": "sha512-+PU57o6DtOSx0/algmxgCwWrmCiomwC/K+LPfXonT0tQMbNTjHEqVzwL9dFEhFoPmLFIiSWjRorLH6Z0hJMT+Q=="
    },
    "log": {
      "version": "1.4.0",
      "resolved": "https://registry.npmjs.org/log/-/log-1.4.0.tgz",
      "integrity": "sha1-S6HYkP3iSbAx3KA7w36q8yVlbxw="
    },
    "performance": {
      "version": "1.1.1",
      "resolved": "https://registry.npmjs.org/performance/-/performance-1.1.1.tgz",
      "integrity": "sha1-Rt77WFIhOm1qYEYfYCuVDkcjgZQ=",
      "requires": {
        "log": "1.4.0",
        "prototypes": "2.3.3",
        "stdio": "0.2.7",
        "testing": "1.1.1"
      }
    },
    "prototypes": {
      "version": "2.3.3",
      "resolved": "https://registry.npmjs.org/prototypes/-/prototypes-2.3.3.tgz",
      "integrity": "sha1-jTT8v1m2ZKZcpciMbhBlEy6Z/dE="
    },
    "stdio": {
      "version": "0.2.7",
      "resolved": "https://registry.npmjs.org/stdio/-/stdio-0.2.7.tgz",
      "integrity": "sha1-ocV9oQ/hz6oMO/aDydB0PRtmCDk="
    },
    "testing": {
      "version": "1.1.1",
      "resolved": "https://registry.npmjs.org/testing/-/testing-1.1.1.tgz",
      "integrity": "sha1-mgVzBVX1LW2ckUCDu6VaxIztkgM=",
      "requires": {
        "log": "1.4.0"
      }
    }
  }
}
