
Microsoft Visual Studio Solution File, Format Version 12.00
# Visual Studio Version 16
VisualStudioVersion = 16.0.29306.81
MinimumVisualStudioVersion = 10.0.40219.1
Project("{9A19103F-16F7-4668-BE54-9A1E7A4F7556}") = "configure-adapters", "configure-adapters\configure-adapters.csproj", "{002B6893-03DA-4952-8BFB-65C37FBBBB9D}"
EndProject
Project("{9A19103F-16F7-4668-BE54-9A1E7A4F7556}") = "Microsoft.CommonDataModel.ObjectModel", "..\..\..\objectModel\CSharp\Microsoft.CommonDataModel.ObjectModel\Microsoft.CommonDataModel.ObjectModel.csproj", "{F847629E-25C6-4971-9EF0-A09387A61995}"
EndProject
Project("{9A19103F-16F7-4668-BE54-9A1E7A4F7556}") = "Microsoft.CommonDataModel.ObjectModel.Adapter.Adls", "..\..\..\objectModel\CSharp\Microsoft.CommonDataModel.ObjectModel.Adapter.Adls\Microsoft.CommonDataModel.ObjectModel.Adapter.Adls.csproj", "{9843C7B8-C17E-44F4-BD66-AEB2983C19EC}"
EndProject
Global
	GlobalSection(SolutionConfigurationPlatforms) = preSolution
		Debug|Any CPU = Debug|Any CPU
		Debug|x64 = Debug|x64
		Release|Any CPU = Release|Any CPU
		Release|x64 = Release|x64
	EndGlobalSection
	GlobalSection(ProjectConfigurationPlatforms) = postSolution
		{002B6893-03DA-4952-8BFB-65C37FBBBB9D}.Debug|Any CPU.ActiveCfg = Debug|Any CPU
		{002B6893-03DA-4952-8BFB-65C37FBBBB9D}.Debug|Any CPU.Build.0 = Debug|Any CPU
		{002B6893-03DA-4952-8BFB-65C37FBBBB9D}.Debug|x64.ActiveCfg = Debug|x64
		{002B6893-03DA-4952-8BFB-65C37FBBBB9D}.Debug|x64.Build.0 = Debug|x64
		{002B6893-03DA-4952-8BFB-65C37FBBBB9D}.Release|Any CPU.ActiveCfg = Release|Any CPU
		{002B6893-03DA-4952-8BFB-65C37FBBBB9D}.Release|Any CPU.Build.0 = Release|Any CPU
		{002B6893-03DA-4952-8BFB-65C37FBBBB9D}.Release|x64.ActiveCfg = Release|x64
		{002B6893-03DA-4952-8BFB-65C37FBBBB9D}.Release|x64.Build.0 = Release|x64
		{F847629E-25C6-4971-9EF0-A09387A61995}.Debug|Any CPU.ActiveCfg = Debug|Any CPU
		{F847629E-25C6-4971-9EF0-A09387A61995}.Debug|Any CPU.Build.0 = Debug|Any CPU
		{F847629E-25C6-4971-9EF0-A09387A61995}.Debug|x64.ActiveCfg = Debug|x64
		{F847629E-25C6-4971-9EF0-A09387A61995}.Debug|x64.Build.0 = Debug|x64
		{F847629E-25C6-4971-9EF0-A09387A61995}.Release|Any CPU.ActiveCfg = Release|Any CPU
		{F847629E-25C6-4971-9EF0-A09387A61995}.Release|Any CPU.Build.0 = Release|Any CPU
		{F847629E-25C6-4971-9EF0-A09387A61995}.Release|x64.ActiveCfg = Release|x64
		{F847629E-25C6-4971-9EF0-A09387A61995}.Release|x64.Build.0 = Release|x64
		{9843C7B8-C17E-44F4-BD66-AEB2983C19EC}.Debug|Any CPU.ActiveCfg = Debug|Any CPU
		{9843C7B8-C17E-44F4-BD66-AEB2983C19EC}.Debug|Any CPU.Build.0 = Debug|Any CPU
		{9843C7B8-C17E-44F4-BD66-AEB2983C19EC}.Debug|x64.ActiveCfg = Debug|x64
		{9843C7B8-C17E-44F4-BD66-AEB2983C19EC}.Debug|x64.Build.0 = Debug|x64
		{9843C7B8-C17E-44F4-BD66-AEB2983C19EC}.Release|Any CPU.ActiveCfg = Release|Any CPU
		{9843C7B8-C17E-44F4-BD66-AEB2983C19EC}.Release|Any CPU.Build.0 = Release|Any CPU
		{9843C7B8-C17E-44F4-BD66-AEB2983C19EC}.Release|x64.ActiveCfg = Release|x64
		{9843C7B8-C17E-44F4-BD66-AEB2983C19EC}.Release|x64.Build.0 = Release|x64
	EndGlobalSection
	GlobalSection(SolutionProperties) = preSolution
		HideSolutionNode = FALSE
	EndGlobalSection
	GlobalSection(ExtensibilityGlobals) = postSolution
		SolutionGuid = {A5A41BFC-B11D-4BF8-8A61-F7228B788C92}
	EndGlobalSection
EndGlobal
