{
  "name": "cdm2dplx",
  "version": "0.0",
  "lockfileVersion": 1,
  "requires": true,
  "dependencies": {
    "@types/node": {
      "version": "8.10.19",
      "resolved": "https://registry.npmjs.org/@types/node/-/node-8.10.19.tgz",
      "integrity": "sha512-+PU57o6DtOSx0/algmxgCwWrmCiomwC/K+LPfXonT0tQMbNTjHEqVzwL9dFEhFoPmLFIiSWjRorLH6Z0hJMT+Q=="
    }
  }
}
