
Microsoft Visual Studio Solution File, Format Version 12.00
# Visual Studio Version 16
VisualStudioVersion = 16.0.28922.388
MinimumVisualStudioVersion = 10.0.40219.1
Project("{9A19103F-16F7-4668-BE54-9A1E7A4F7556}") = "read-local-save-adls", "read-local-save-adls\read-local-save-adls.csproj", "{1F0C2AAE-FC93-4ABB-A175-3DA91E2D70DE}"
EndProject
Global
	GlobalSection(SolutionConfigurationPlatforms) = preSolution
		Debug|Any CPU = Debug|Any CPU
		Debug|x64 = Debug|x64
		Release|Any CPU = Release|Any CPU
		Release|x64 = Release|x64
	EndGlobalSection
	GlobalSection(ProjectConfigurationPlatforms) = postSolution
		{1F0C2AAE-FC93-4ABB-A175-3DA91E2D70DE}.Debug|Any CPU.ActiveCfg = Debug|Any CPU
		{1F0C2AAE-FC93-4ABB-A175-3DA91E2D70DE}.Debug|Any CPU.Build.0 = Debug|Any CPU
		{1F0C2AAE-FC93-4ABB-A175-3DA91E2D70DE}.Debug|x64.ActiveCfg = Debug|x64
		{1F0C2AAE-FC93-4ABB-A175-3DA91E2D70DE}.Debug|x64.Build.0 = Debug|x64
		{1F0C2AAE-FC93-4ABB-A175-3DA91E2D70DE}.Release|Any CPU.ActiveCfg = Release|Any CPU
		{1F0C2AAE-FC93-4ABB-A175-3DA91E2D70DE}.Release|Any CPU.Build.0 = Release|Any CPU
		{1F0C2AAE-FC93-4ABB-A175-3DA91E2D70DE}.Release|x64.ActiveCfg = Release|x64
		{1F0C2AAE-FC93-4ABB-A175-3DA91E2D70DE}.Release|x64.Build.0 = Release|x64
	EndGlobalSection
	GlobalSection(SolutionProperties) = preSolution
		HideSolutionNode = FALSE
	EndGlobalSection
	GlobalSection(ExtensibilityGlobals) = postSolution
		SolutionGuid = {57B5213B-42A4-44A6-AE78-2913BD6DB019}
	EndGlobalSection
EndGlobal
